{
  "lockfileVersion": 1,
  "workspaces": {
    "": {
      "name": "discord-activity-starter",
      "dependencies": {
        "@discord/embedded-app-sdk": "^2.4.0",
        "hono": "^4.9.8",
        "oxc-minify": "^0.90.0",
        "p-limit": "^7.1.1",
        "rolldown": "^1.0.0-beta.38",
      },
      "devDependencies": {
        "@tsconfig/node22": "^22.0.2",
        "@types/bun": "^1.2.22",
        "dprint": "^0.50.2",
        "typescript": "~5.8.0",
      },
    },
  },
  "packages": {
    "@discord/embedded-app-sdk": ["@discord/embedded-app-sdk@2.4.0", "", { "dependencies": { "@types/lodash.transform": "^4.6.6", "@types/uuid": "^10.0.0", "big-integer": "^1.6.48", "decimal.js-light": "^2.5.0", "eventemitter3": "^5.0.0", "lodash.transform": "^4.6.0", "uuid": "^11.0.0", "zod": "^3.9.8" } }, "sha512-kIIS79tuVKvu9YC6GIuvBSfUqNa6511UqafD4i3qGjWSRqVulioYuRzZ+M9D9/KZ2wuu0nQ5IWIYlnh1bsy2tg=="],

    "@dprint/darwin-arm64": ["@dprint/darwin-arm64@0.50.2", "", { "os": "darwin", "cpu": "arm64" }, "sha512-4d08INZlTxbPW9LK9W8+93viN543/qA2Kxn4azVnPW/xCb2Im03UqJBz8mMm3nJZdtNnK3uTVG3ib1VW+XJisw=="],

    "@dprint/darwin-x64": ["@dprint/darwin-x64@0.50.2", "", { "os": "darwin", "cpu": "x64" }, "sha512-ZXWPBwdLojhdBATq+bKwJvB7D8bIzrD6eR/Xuq9UYE7evQazUiR069d9NPF0iVuzTo6wNf9ub9SXI7qDl11EGA=="],

    "@dprint/linux-arm64-glibc": ["@dprint/linux-arm64-glibc@0.50.2", "", { "os": "linux", "cpu": "arm64" }, "sha512-marxQzRw8atXAnaawwZHeeUaaAVewrGTlFKKcDASGyjPBhc23J5fHPUPremm8xCbgYZyTlokzrV8/1rDRWhJcw=="],

    "@dprint/linux-arm64-musl": ["@dprint/linux-arm64-musl@0.50.2", "", { "os": "linux", "cpu": "arm64" }, "sha512-oGDq44ydzo0ZkJk6RHcUzUN5sOMT5HC6WA8kHXI6tkAsLUkaLO2DzZFfW4aAYZUn+hYNpQfQD8iGew0sjkyLyg=="],

    "@dprint/linux-riscv64-glibc": ["@dprint/linux-riscv64-glibc@0.50.2", "", { "os": "linux", "cpu": "none" }, "sha512-QMmZoZYWsXezDcC03fBOwPfxhTpPEyHqutcgJ0oauN9QcSXGji9NSZITMmtLz2Ki3T1MIvdaLd1goGzNSvNqTQ=="],

    "@dprint/linux-x64-glibc": ["@dprint/linux-x64-glibc@0.50.2", "", { "os": "linux", "cpu": "x64" }, "sha512-KMeHEzb4teQJChTgq8HuQzc+reRNDnarOTGTQovAZ9WNjOtKLViftsKWW5HsnRHtP5nUIPE9rF1QLjJ/gUsqvw=="],

    "@dprint/linux-x64-musl": ["@dprint/linux-x64-musl@0.50.2", "", { "os": "linux", "cpu": "x64" }, "sha512-qM37T7H69g5coBTfE7SsA+KZZaRBky6gaUhPgAYxW+fOsoVtZSVkXtfTtQauHTpqqOEtbxfCtum70Hz1fr1teg=="],

    "@dprint/win32-arm64": ["@dprint/win32-arm64@0.50.2", "", { "os": "win32", "cpu": "arm64" }, "sha512-kuGVHGoxLwssVDsodefUIYQRoO2fQncurH/xKgXiZwMPOSzFcgUzYJQiyqmJEp+PENhO9VT1hXUHZtlyCAWBUQ=="],

    "@dprint/win32-x64": ["@dprint/win32-x64@0.50.2", "", { "os": "win32", "cpu": "x64" }, "sha512-N3l9k31c3IMfVXqL0L6ygIhJFvCIrfQ+Z5Jph6RnCcBO6oDYWeYhAv/qBk1vLsF2y/e79TKsR1tvaEwnrQ03XA=="],

    "@emnapi/core": ["@emnapi/core@1.5.0", "", { "dependencies": { "@emnapi/wasi-threads": "1.1.0", "tslib": "^2.4.0" } }, "sha512-sbP8GzB1WDzacS8fgNPpHlp6C9VZe+SJP3F90W9rLemaQj2PzIuTEl1qDOYQf58YIpyjViI24y9aPWCjEzY2cg=="],

    "@emnapi/runtime": ["@emnapi/runtime@1.5.0", "", { "dependencies": { "tslib": "^2.4.0" } }, "sha512-97/BJ3iXHww3djw6hYIfErCZFee7qCtrneuLa20UXFCOTCfBM2cvQHjWJ2EG0s0MtdNwInarqCTz35i4wWXHsQ=="],

    "@emnapi/wasi-threads": ["@emnapi/wasi-threads@1.1.0", "", { "dependencies": { "tslib": "^2.4.0" } }, "sha512-WI0DdZ8xFSbgMjR1sFsKABJ/C5OnRrjT06JXbZKexJGrDuPTzZdDYfFlsgcCXCyf+suG5QU2e/y1Wo2V/OapLQ=="],

    "@napi-rs/wasm-runtime": ["@napi-rs/wasm-runtime@1.0.5", "", { "dependencies": { "@emnapi/core": "^1.5.0", "@emnapi/runtime": "^1.5.0", "@tybys/wasm-util": "^0.10.1" } }, "sha512-TBr9Cf9onSAS2LQ2+QHx6XcC6h9+RIzJgbqG3++9TUZSH204AwEy5jg3BTQ0VATsyoGj4ee49tN/y6rvaOOtcg=="],

    "@oxc-minify/binding-android-arm64": ["@oxc-minify/binding-android-arm64@0.90.0", "", { "os": "android", "cpu": "arm64" }, "sha512-LjsDxYMWKyMkQZPwJeC/evyqV2WPW4D/G/o/ofbQ9SnpZyB7/BlbxJaIs71aDbBSXchsih6IGKZRdH4/ZZIp8A=="],

    "@oxc-minify/binding-darwin-arm64": ["@oxc-minify/binding-darwin-arm64@0.90.0", "", { "os": "darwin", "cpu": "arm64" }, "sha512-a1M0+SBU7X9VKAFT8fNihSvr0JkRTiellxdQmkA3SfuTCxJpDSetHQ0EYkBH7ZokvZowxy//SJa4XoLrq3acow=="],

    "@oxc-minify/binding-darwin-x64": ["@oxc-minify/binding-darwin-x64@0.90.0", "", { "os": "darwin", "cpu": "x64" }, "sha512-iw5ZlR+rySDgDcmusQ9uxosLAMO/2BItxs/bSvoBrYRXhNjH9nkhU4v0Ag0PHzN7g7w1zGC9iRCbUCqR7raV/A=="],

    "@oxc-minify/binding-freebsd-x64": ["@oxc-minify/binding-freebsd-x64@0.90.0", "", { "os": "freebsd", "cpu": "x64" }, "sha512-Vin8wY7LtWKnFnID986YVm5PyDkbbq+adc+Ej1svIPRJ9G61GRiVp4SRk0NwMXZjpTFO7tPR7RkKM7OVrG6L3g=="],

    "@oxc-minify/binding-linux-arm-gnueabihf": ["@oxc-minify/binding-linux-arm-gnueabihf@0.90.0", "", { "os": "linux", "cpu": "arm" }, "sha512-Z/ivxlRcrblFTpryN3ST21npGFeLGeHbqsGe91GhfGbTsn3vMa+OyULVtl82LFoXgCuHCaOSJ+kQD0/x7nE5wQ=="],

    "@oxc-minify/binding-linux-arm-musleabihf": ["@oxc-minify/binding-linux-arm-musleabihf@0.90.0", "", { "os": "linux", "cpu": "arm" }, "sha512-J8P9kui4MDRLzGsjVXEXXtwwypvj85u6odNBjyUGYCOXSl1J28gRjABdSQYET3BYbnOavusXdHGMDpLCmSrGRg=="],

    "@oxc-minify/binding-linux-arm64-gnu": ["@oxc-minify/binding-linux-arm64-gnu@0.90.0", "", { "os": "linux", "cpu": "arm64" }, "sha512-SlCgWXOTKs0IA+wRrBj9Ev9bh70n+J56YlZr1tOK+Wli9hnjRAz/rmVN5tD6BloUu6cYYUaCIRlrzHXZSQMTxQ=="],

    "@oxc-minify/binding-linux-arm64-musl": ["@oxc-minify/binding-linux-arm64-musl@0.90.0", "", { "os": "linux", "cpu": "arm64" }, "sha512-98ZKWyLrpIGFTF7+F3QMQFs6V2MO4j2zRfTdqRmKmzSJnZIQudpsPoSQOM+6SAdc/TDas2kq3eacHtPcp74EmQ=="],

    "@oxc-minify/binding-linux-riscv64-gnu": ["@oxc-minify/binding-linux-riscv64-gnu@0.90.0", "", { "os": "linux", "cpu": "none" }, "sha512-esy/BI1Vw/qIBTK+2YdQ+55FRPWGvE/n3yWjDSCfzUps3mK4Kw8I61sQesPP7LZvuQEV9ZgnIhVZ/1mfTDXmoA=="],

    "@oxc-minify/binding-linux-s390x-gnu": ["@oxc-minify/binding-linux-s390x-gnu@0.90.0", "", { "os": "linux", "cpu": "s390x" }, "sha512-2Qk/lQD+NCg/RR+5A49BNujntp/0xJlMfBpQ3KZYfL2pWxDVa5dI/jPmIcsBfblVy5ptP40csjyMOcbH5U8uDQ=="],

    "@oxc-minify/binding-linux-x64-gnu": ["@oxc-minify/binding-linux-x64-gnu@0.90.0", "", { "os": "linux", "cpu": "x64" }, "sha512-ueFBERVO0s2YvFjxtxvV+0g4EJbEOlHxs4pNyMPomZVPDIEzBZVkzC0WcKgxGBMX5OwiIPAhifbyJPXHbtZa8Q=="],

    "@oxc-minify/binding-linux-x64-musl": ["@oxc-minify/binding-linux-x64-musl@0.90.0", "", { "os": "linux", "cpu": "x64" }, "sha512-gg3s5FVtt8MoQdjhDZm45EyEVPwVNSdeaBvj30+jgYj2cbVjOt21Iz2rmsSJ4hLfhuH2d3B8C+ZEZnNMtfaQ1A=="],

    "@oxc-minify/binding-wasm32-wasi": ["@oxc-minify/binding-wasm32-wasi@0.90.0", "", { "dependencies": { "@napi-rs/wasm-runtime": "^1.0.5" }, "cpu": "none" }, "sha512-Yob7pvIl2wQT6uB9nFlQrMT4dVwRdN/nSEylXpXJEt+v4mz5Ot396rkS9lYp942EEbNj5R2bMwGCLaXUZR501g=="],

    "@oxc-minify/binding-win32-arm64-msvc": ["@oxc-minify/binding-win32-arm64-msvc@0.90.0", "", { "os": "win32", "cpu": "arm64" }, "sha512-VFrHhWkhUhbIsx/kUZ+gHWCi88GmYXzfl0d+sTw6ZcNwW3mgtIuJrPxPwTNgfpMMIyVGuWdng2cUh4XwA5pWSQ=="],

    "@oxc-minify/binding-win32-x64-msvc": ["@oxc-minify/binding-win32-x64-msvc@0.90.0", "", { "os": "win32", "cpu": "x64" }, "sha512-vt0uG8mflfJBIUZqNRHFnFQ7434MoupV2pBoOHJpRQLuu4/i4WWeq7JDYS/E+HHIpqDjwh5AesA8yf9caf/eUg=="],

    "@oxc-project/types": ["@oxc-project/types@0.89.0", "", {}, "sha512-yuo+ECPIW5Q9mSeNmCDC2im33bfKuwW18mwkaHMQh8KakHYDzj4ci/q7wxf2qS3dMlVVCIyrs3kFtH5LmnlYnw=="],

    "@rolldown/binding-android-arm64": ["@rolldown/binding-android-arm64@1.0.0-beta.38", "", { "os": "android", "cpu": "arm64" }, "sha512-AE3HFQrjWCKLFZD1Vpiy+qsqTRwwoil1oM5WsKPSmfQ5fif/A+ZtOZetF32erZdsR7qyvns6qHEteEsF6g6rsQ=="],

    "@rolldown/binding-darwin-arm64": ["@rolldown/binding-darwin-arm64@1.0.0-beta.38", "", { "os": "darwin", "cpu": "arm64" }, "sha512-RaoWOKc0rrFsVmKOjQpebMY6c6/I7GR1FBc25v7L/R7NlM0166mUotwGEv7vxu7ruXH4SJcFeVrfADFUUXUmmQ=="],

    "@rolldown/binding-darwin-x64": ["@rolldown/binding-darwin-x64@1.0.0-beta.38", "", { "os": "darwin", "cpu": "x64" }, "sha512-Ymojqc2U35iUc8NFU2XX1WQPfBRRHN6xHcrxAf9WS8BFFBn8pDrH5QPvH1tYs3lDkw6UGGbanr1RGzARqdUp1g=="],

    "@rolldown/binding-freebsd-x64": ["@rolldown/binding-freebsd-x64@1.0.0-beta.38", "", { "os": "freebsd", "cpu": "x64" }, "sha512-0ermTQ//WzSI0nOL3z/LUWMNiE9xeM5cLGxjewPFEexqxV/0uM8/lNp9QageQ8jfc/VO1OURsGw34HYO5PaL8w=="],

    "@rolldown/binding-linux-arm-gnueabihf": ["@rolldown/binding-linux-arm-gnueabihf@1.0.0-beta.38", "", { "os": "linux", "cpu": "arm" }, "sha512-GADxzVUTCTp6EWI52831A29Tt7PukFe94nhg/SUsfkI33oTiNQtPxyLIT/3oRegizGuPSZSlrdBurkjDwxyEUQ=="],

    "@rolldown/binding-linux-arm64-gnu": ["@rolldown/binding-linux-arm64-gnu@1.0.0-beta.38", "", { "os": "linux", "cpu": "arm64" }, "sha512-SKO7Exl5Yem/OSNoA5uLHzyrptUQ8Hg70kHDxuwEaH0+GUg+SQe9/7PWmc4hFKBMrJGdQtii8WZ0uIz9Dofg5Q=="],

    "@rolldown/binding-linux-arm64-musl": ["@rolldown/binding-linux-arm64-musl@1.0.0-beta.38", "", { "os": "linux", "cpu": "arm64" }, "sha512-SOo6+WqhXPBaShLxLT0eCgH17d3Yu1lMAe4mFP0M9Bvr/kfMSOPQXuLxBcbBU9IFM9w3N6qP9xWOHO+oUJvi8Q=="],

    "@rolldown/binding-linux-x64-gnu": ["@rolldown/binding-linux-x64-gnu@1.0.0-beta.38", "", { "os": "linux", "cpu": "x64" }, "sha512-yvsQ3CyrodOX+lcoi+lejZGCOvJZa9xTsNB8OzpMDmHeZq3QzJfpYjXSAS6vie70fOkLVJb77UqYO193Cl8XBQ=="],

    "@rolldown/binding-linux-x64-musl": ["@rolldown/binding-linux-x64-musl@1.0.0-beta.38", "", { "os": "linux", "cpu": "x64" }, "sha512-84qzKMwUwikfYeOuJ4Kxm/3z15rt0nFGGQArHYIQQNSTiQdxGHxOkqXtzPFqrVfBJUdxBAf+jYzR1pttFJuWyg=="],

    "@rolldown/binding-openharmony-arm64": ["@rolldown/binding-openharmony-arm64@1.0.0-beta.38", "", { "os": "none", "cpu": "arm64" }, "sha512-QrNiWlce01DYH0rL8K3yUBu+lNzY+B0DyCbIc2Atan6/S6flxOL0ow5DLQvMamOI/oKhrJ4xG+9MkMb9dDHbLQ=="],

    "@rolldown/binding-wasm32-wasi": ["@rolldown/binding-wasm32-wasi@1.0.0-beta.38", "", { "dependencies": { "@napi-rs/wasm-runtime": "^1.0.5" }, "cpu": "none" }, "sha512-fnLtHyjwEsG4/aNV3Uv3Qd1ZbdH+CopwJNoV0RgBqrcQB8V6/Qdikd5JKvnO23kb3QvIpP+dAMGZMv1c2PJMzw=="],

    "@rolldown/binding-win32-arm64-msvc": ["@rolldown/binding-win32-arm64-msvc@1.0.0-beta.38", "", { "os": "win32", "cpu": "arm64" }, "sha512-19cTfnGedem+RY+znA9J6ARBOCEFD4YSjnx0p5jiTm9tR6pHafRfFIfKlTXhun+NL0WWM/M0eb2IfPPYUa8+wg=="],

    "@rolldown/binding-win32-ia32-msvc": ["@rolldown/binding-win32-ia32-msvc@1.0.0-beta.38", "", { "os": "win32", "cpu": "ia32" }, "sha512-HcICm4YzFJZV+fI0O0bFLVVlsWvRNo/AB9EfUXvNYbtAxakCnQZ15oq22deFdz6sfi9Y4/SagH2kPU723dhCFA=="],

    "@rolldown/binding-win32-x64-msvc": ["@rolldown/binding-win32-x64-msvc@1.0.0-beta.38", "", { "os": "win32", "cpu": "x64" }, "sha512-4Qx6cgEPXLb0XsCyLoQcUgYBpfL0sjugftob+zhUH0EOk/NVCAIT+h0NJhY+jn7pFpeKxhNMqhvTNx3AesxIAQ=="],

    "@rolldown/pluginutils": ["@rolldown/pluginutils@1.0.0-beta.38", "", {}, "sha512-N/ICGKleNhA5nc9XXQG/kkKHJ7S55u0x0XUJbbkmdCnFuoRkM1Il12q9q0eX19+M7KKUEPw/daUPIRnxhcxAIw=="],

    "@tsconfig/node22": ["@tsconfig/node22@22.0.2", "", {}, "sha512-Kmwj4u8sDRDrMYRoN9FDEcXD8UpBSaPQQ24Gz+Gamqfm7xxn+GBR7ge/Z7pK8OXNGyUzbSwJj+TH6B+DS/epyA=="],

    "@tybys/wasm-util": ["@tybys/wasm-util@0.10.1", "", { "dependencies": { "tslib": "^2.4.0" } }, "sha512-9tTaPJLSiejZKx+Bmog4uSubteqTvFrVrURwkmHixBo0G4seD0zUxp98E1DzUBJxLQ3NPwXrGKDiVjwx/DpPsg=="],

    "@types/bun": ["@types/bun@1.2.22", "", { "dependencies": { "bun-types": "1.2.22" } }, "sha512-5A/KrKos2ZcN0c6ljRSOa1fYIyCKhZfIVYeuyb4snnvomnpFqC0tTsEkdqNxbAgExV384OETQ//WAjl3XbYqQA=="],

    "@types/lodash": ["@types/lodash@4.17.20", "", {}, "sha512-H3MHACvFUEiujabxhaI/ImO6gUrd8oOurg7LQtS7mbwIXA/cUqWrvBsaeJ23aZEPk1TAYkurjfMbSELfoCXlGA=="],

    "@types/lodash.transform": ["@types/lodash.transform@4.6.9", "", { "dependencies": { "@types/lodash": "*" } }, "sha512-1iIn+l7Vrj8hsr2iZLtxRkcV9AtjTafIyxKO9DX2EEcdOgz3Op5dhwKQFhMJgdfIRbYHBUF+SU97Y6P+zyLXNg=="],

    "@types/node": ["@types/node@22.18.6", "", { "dependencies": { "undici-types": "~6.21.0" } }, "sha512-r8uszLPpeIWbNKtvWRt/DbVi5zbqZyj1PTmhRMqBMvDnaz1QpmSKujUtJLrqGZeoM8v72MfYggDceY4K1itzWQ=="],

    "@types/react": ["@types/react@19.1.13", "", { "dependencies": { "csstype": "^3.0.2" } }, "sha512-hHkbU/eoO3EG5/MZkuFSKmYqPbSVk5byPFa3e7y/8TybHiLMACgI8seVYlicwk7H5K/rI2px9xrQp/C+AUDTiQ=="],

    "@types/uuid": ["@types/uuid@10.0.0", "", {}, "sha512-7gqG38EyHgyP1S+7+xomFtL+ZNHcKv6DwNaCZmJmo1vgMugyF3TCnXVg4t1uk89mLNwnLtnY3TpOpCOyp1/xHQ=="],

    "ansis": ["ansis@4.1.0", "", {}, "sha512-BGcItUBWSMRgOCe+SVZJ+S7yTRG0eGt9cXAHev72yuGcY23hnLA7Bky5L/xLyPINoSN95geovfBkqoTlNZYa7w=="],

    "big-integer": ["big-integer@1.6.52", "", {}, "sha512-QxD8cf2eVqJOOz63z6JIN9BzvVs/dlySa5HGSBH5xtR8dPteIRQnBxxKqkNTiT6jbDTF6jAfrd4oMcND9RGbQg=="],

    "bun-types": ["bun-types@1.2.22", "", { "dependencies": { "@types/node": "*" }, "peerDependencies": { "@types/react": "^19" } }, "sha512-hwaAu8tct/Zn6Zft4U9BsZcXkYomzpHJX28ofvx7k0Zz2HNz54n1n+tDgxoWFGB4PcFvJXJQloPhaV2eP3Q6EA=="],

    "csstype": ["csstype@3.1.3", "", {}, "sha512-M1uQkMl8rQK/szD0LNhtqxIPLpimGm8sOBwU7lLnCpSbTyY3yeU1Vc7l4KT5zT4s/yOxHH5O7tIuuLOCnLADRw=="],

    "decimal.js-light": ["decimal.js-light@2.5.1", "", {}, "sha512-qIMFpTMZmny+MMIitAB6D7iVPEorVw6YQRWkvarTkT4tBeSLLiHzcwj6q0MmYSFCiVpiqPJTJEYIrpcPzVEIvg=="],

    "dprint": ["dprint@0.50.2", "", { "optionalDependencies": { "@dprint/darwin-arm64": "0.50.2", "@dprint/darwin-x64": "0.50.2", "@dprint/linux-arm64-glibc": "0.50.2", "@dprint/linux-arm64-musl": "0.50.2", "@dprint/linux-riscv64-glibc": "0.50.2", "@dprint/linux-x64-glibc": "0.50.2", "@dprint/linux-x64-musl": "0.50.2", "@dprint/win32-arm64": "0.50.2", "@dprint/win32-x64": "0.50.2" }, "bin": { "dprint": "bin.js" } }, "sha512-+0Fzg+17jsMMUouK00/Fara5YtGOuE76EAJINHB8VpkXHd0n00rMXtw/03qorOgz23eo8Y0UpYvNZBJJo3aNtw=="],

    "eventemitter3": ["eventemitter3@5.0.1", "", {}, "sha512-GWkBvjiSZK87ELrYOSESUYeVIc9mvLLf/nXalMOS5dYrgZq9o5OVkbZAVM06CVxYsCwH9BDZFPlQTlPA1j4ahA=="],

    "hono": ["hono@4.9.8", "", {}, "sha512-JW8Bb4RFWD9iOKxg5PbUarBYGM99IcxFl2FPBo2gSJO11jjUDqlP1Bmfyqt8Z/dGhIQ63PMA9LdcLefXyIasyg=="],

    "lodash.transform": ["lodash.transform@4.6.0", "", {}, "sha512-LO37ZnhmBVx0GvOU/caQuipEh4GN82TcWv3yHlebGDgOxbxiwwzW5Pcx2AcvpIv2WmvmSMoC492yQFNhy/l/UQ=="],

    "oxc-minify": ["oxc-minify@0.90.0", "", { "optionalDependencies": { "@oxc-minify/binding-android-arm64": "0.90.0", "@oxc-minify/binding-darwin-arm64": "0.90.0", "@oxc-minify/binding-darwin-x64": "0.90.0", "@oxc-minify/binding-freebsd-x64": "0.90.0", "@oxc-minify/binding-linux-arm-gnueabihf": "0.90.0", "@oxc-minify/binding-linux-arm-musleabihf": "0.90.0", "@oxc-minify/binding-linux-arm64-gnu": "0.90.0", "@oxc-minify/binding-linux-arm64-musl": "0.90.0", "@oxc-minify/binding-linux-riscv64-gnu": "0.90.0", "@oxc-minify/binding-linux-s390x-gnu": "0.90.0", "@oxc-minify/binding-linux-x64-gnu": "0.90.0", "@oxc-minify/binding-linux-x64-musl": "0.90.0", "@oxc-minify/binding-wasm32-wasi": "0.90.0", "@oxc-minify/binding-win32-arm64-msvc": "0.90.0", "@oxc-minify/binding-win32-x64-msvc": "0.90.0" } }, "sha512-TgYw8IoSrMm2wW1/TAHNxm5CdfMuh9ZgmsMQfjt65gUFD98fd5FZid4C6Rwd7NVxf8PdkjpqOCw1GiJPSVE6zw=="],

    "p-limit": ["p-limit@7.1.1", "", { "dependencies": { "yocto-queue": "^1.2.1" } }, "sha512-i8PyM2JnsNChVSYWLr2BAjNoLi0BAYC+wecOnZnVV+YSNJkzP7cWmvI34dk0WArWfH9KwBHNoZI3P3MppImlIA=="],

    "rolldown": ["rolldown@1.0.0-beta.38", "", { "dependencies": { "@oxc-project/types": "=0.89.0", "@rolldown/pluginutils": "1.0.0-beta.38", "ansis": "^4.0.0" }, "optionalDependencies": { "@rolldown/binding-android-arm64": "1.0.0-beta.38", "@rolldown/binding-darwin-arm64": "1.0.0-beta.38", "@rolldown/binding-darwin-x64": "1.0.0-beta.38", "@rolldown/binding-freebsd-x64": "1.0.0-beta.38", "@rolldown/binding-linux-arm-gnueabihf": "1.0.0-beta.38", "@rolldown/binding-linux-arm64-gnu": "1.0.0-beta.38", "@rolldown/binding-linux-arm64-musl": "1.0.0-beta.38", "@rolldown/binding-linux-x64-gnu": "1.0.0-beta.38", "@rolldown/binding-linux-x64-musl": "1.0.0-beta.38", "@rolldown/binding-openharmony-arm64": "1.0.0-beta.38", "@rolldown/binding-wasm32-wasi": "1.0.0-beta.38", "@rolldown/binding-win32-arm64-msvc": "1.0.0-beta.38", "@rolldown/binding-win32-ia32-msvc": "1.0.0-beta.38", "@rolldown/binding-win32-x64-msvc": "1.0.0-beta.38" }, "bin": { "rolldown": "bin/cli.mjs" } }, "sha512-58frPNX55Je1YsyrtPJv9rOSR3G5efUZpRqok94Efsj0EUa8dnqJV3BldShyI7A+bVPleucOtzXHwVpJRcR0kQ=="],

    "tslib": ["tslib@2.8.1", "", {}, "sha512-oJFu94HQb+KVduSUQL7wnpmqnfmLsOA/nAh6b6EH0wCEoK0/mPeXU6c3wKDV83MkOuHPRHtSXKKU99IBazS/2w=="],

    "typescript": ["typescript@5.8.3", "", { "bin": { "tsc": "bin/tsc", "tsserver": "bin/tsserver" } }, "sha512-p1diW6TqL9L07nNxvRMM7hMMw4c5XOo/1ibL4aAIGmSAt9slTE1Xgw5KWuof2uTOvCg9BY7ZRi+GaF+7sfgPeQ=="],

    "undici-types": ["undici-types@6.21.0", "", {}, "sha512-iwDZqg0QAGrg9Rav5H4n0M64c3mkR59cJ6wQp+7C4nI0gsmExaedaYLNO44eT4AtBBwjbTiGPMlt2Md0T9H9JQ=="],

    "uuid": ["uuid@11.1.0", "", { "bin": { "uuid": "dist/esm/bin/uuid" } }, "sha512-0/A9rDy9P7cJ+8w1c9WD9V//9Wj15Ce2MPz8Ri6032usz+NfePxx5AcN3bN+r6ZL6jEo066/yNYB3tn4pQEx+A=="],

    "yocto-queue": ["yocto-queue@1.2.1", "", {}, "sha512-AyeEbWOu/TAXdxlV9wmGcR0+yh2j3vYPGOECcIj2S7MkrLyC7ne+oye2BKTItt0ii2PHk4cDy+95+LshzbXnGg=="],

    "zod": ["zod@3.25.76", "", {}, "sha512-gzUt/qt81nXsFGKIFcC3YnfEAx5NkunCfnDlvuBSSFS02bcXu4Lmea0AFIUwbLWxWPx3d9p8S5QoaujKcNQxcQ=="],
  }
}
